// !$*UTF8*$!
{
	archiveVersion = 1;
	classes = {
	};
	objectVersion = 46;
	objects = {

/* Begin PBXBuildFile section */
		061B36CC1D50705700F917D2 /* MyMusicViewController.m in Sources */ = {isa = PBXBuildFile; fileRef = 061B36CB1D50705700F917D2 /* MyMusicViewController.m */; };
		0627F3C01D2B930900A5CBCA /* MyCell.m in Sources */ = {isa = PBXBuildFile; fileRef = 0627F3BF1D2B930900A5CBCA /* MyCell.m */; };
		0638BD681D17C79400AB259E /* home_bar_scan@2x.png in Resources */ = {isa = PBXBuildFile; fileRef = 0638BD641D17C79400AB259E /* home_bar_scan@2x.png */; };
		0638BD691D17C79400AB259E /* home_bar_scan@3x.png in Resources */ = {isa = PBXBuildFile; fileRef = 0638BD651D17C79400AB259E /* home_bar_scan@3x.png */; };
		0638BD6A1D17C79400AB259E /* icon_search@2x.png in Resources */ = {isa = PBXBuildFile; fileRef = 0638BD661D17C79400AB259E /* icon_search@2x.png */; };
		0638BD6B1D17C79400AB259E /* icon_search@3x.png in Resources */ = {isa = PBXBuildFile; fileRef = 0638BD671D17C79400AB259E /* icon_search@3x.png */; };
		0638BD6E1D17D12A00AB259E /* 立即体验@2x.png in Resources */ = {isa = PBXBuildFile; fileRef = 0638BD6C1D17D12A00AB259E /* 立即体验@2x.png */; };
		0638BD6F1D17D12A00AB259E /* 立即体验@3x.png in Resources */ = {isa = PBXBuildFile; fileRef = 0638BD6D1D17D12A00AB259E /* 立即体验@3x.png */; };
		0638BD761D17D74700AB259E /* tapbar_top_line@2x.png in Resources */ = {isa = PBXBuildFile; fileRef = 0638BD751D17D74700AB259E /* tapbar_top_line@2x.png */; };
		0641CFA21D22592B006CA897 /* AdvertiseDetailViewController.m in Sources */ = {isa = PBXBuildFile; fileRef = 0641CFA11D22592B006CA897 /* AdvertiseDetailViewController.m */; };
		0641CFA51D22597E006CA897 /* AdvertiseView.m in Sources */ = {isa = PBXBuildFile; fileRef = 0641CFA41D22597E006CA897 /* AdvertiseView.m */; };
		0678EFDA1D1269CF000A3B7B /* h1.jpg in Resources */ = {isa = PBXBuildFile; fileRef = 0678EFCF1D1269CF000A3B7B /* h1.jpg */; };
		0678EFDB1D1269CF000A3B7B /* h2.jpg in Resources */ = {isa = PBXBuildFile; fileRef = 0678EFD01D1269CF000A3B7B /* h2.jpg */; };
		0678EFDC1D1269CF000A3B7B /* h3.jpg in Resources */ = {isa = PBXBuildFile; fileRef = 0678EFD11D1269CF000A3B7B /* h3.jpg */; };
		0678EFDD1D1269CF000A3B7B /* h4.jpg in Resources */ = {isa = PBXBuildFile; fileRef = 0678EFD21D1269CF000A3B7B /* h4.jpg */; };
		0678EFDE1D1269CF000A3B7B /* LaunchImage.png in Resources */ = {isa = PBXBuildFile; fileRef = 0678EFD31D1269CF000A3B7B /* LaunchImage.png */; };
		06811D781D3E453000FD6546 /* MyLabel.m in Sources */ = {isa = PBXBuildFile; fileRef = 06811D771D3E453000FD6546 /* MyLabel.m */; };
		06811D7B1D3E473500FD6546 /* XHTheme.m in Sources */ = {isa = PBXBuildFile; fileRef = 06811D7A1D3E473500FD6546 /* XHTheme.m */; };
		0695BA241CC0D2D5005F7D1E /* LaunchScreen.storyboard in Resources */ = {isa = PBXBuildFile; fileRef = 0695BA221CC0D2D5005F7D1E /* LaunchScreen.storyboard */; };
		06B533A31D535D6C00855EE6 /* MyMovieViewController.m in Sources */ = {isa = PBXBuildFile; fileRef = 06B533A21D535D6C00855EE6 /* MyMovieViewController.m */; };
		06C50AA31D239DBE000BCFA3 /* header-arrow@2x.png in Resources */ = {isa = PBXBuildFile; fileRef = 06C50AA11D239DBE000BCFA3 /* header-arrow@2x.png */; };
		06C50AA41D239DBE000BCFA3 /* header-arrow@3x.png in Resources */ = {isa = PBXBuildFile; fileRef = 06C50AA21D239DBE000BCFA3 /* header-arrow@3x.png */; };
		06C5E4561D585A1900A7D474 /* XHAVAudioManager.m in Sources */ = {isa = PBXBuildFile; fileRef = 06C5E4551D585A1900A7D474 /* XHAVAudioManager.m */; };
		06C5E4591D58654500A7D474 /* XHAVVideoManager.m in Sources */ = {isa = PBXBuildFile; fileRef = 06C5E4581D58654500A7D474 /* XHAVVideoManager.m */; };
		06C9D2191D260D41001251AD /* MyViewController.m in Sources */ = {isa = PBXBuildFile; fileRef = 06C9D2181D260D41001251AD /* MyViewController.m */; };
		06D359CF1C9FDC1D003359B8 /* main.m in Sources */ = {isa = PBXBuildFile; fileRef = 06D359CE1C9FDC1D003359B8 /* main.m */; };
		06D359D81C9FDC1D003359B8 /* Main.storyboard in Resources */ = {isa = PBXBuildFile; fileRef = 06D359D61C9FDC1D003359B8 /* Main.storyboard */; };
		06D359DA1C9FDC1E003359B8 /* Assets.xcassets in Resources */ = {isa = PBXBuildFile; fileRef = 06D359D91C9FDC1E003359B8 /* Assets.xcassets */; };
		06D359E81C9FDC1E003359B8 /* demo1Tests.m in Sources */ = {isa = PBXBuildFile; fileRef = 06D359E71C9FDC1E003359B8 /* demo1Tests.m */; };
		06D359F31C9FDC1E003359B8 /* demo1UITests.m in Sources */ = {isa = PBXBuildFile; fileRef = 06D359F21C9FDC1E003359B8 /* demo1UITests.m */; };
		06F54D4F1D13951000119CE8 /* AppDelegate.m in Sources */ = {isa = PBXBuildFile; fileRef = 06F54D4E1D13951000119CE8 /* AppDelegate.m */; };
		06F54D531D139D5B00119CE8 /* BaseViewController.m in Sources */ = {isa = PBXBuildFile; fileRef = 06F54D521D139D5B00119CE8 /* BaseViewController.m */; };
		06F54D561D139D9700119CE8 /* HomeViewController.m in Sources */ = {isa = PBXBuildFile; fileRef = 06F54D551D139D9700119CE8 /* HomeViewController.m */; };
		06F54D591D139DA600119CE8 /* SecondViewController.m in Sources */ = {isa = PBXBuildFile; fileRef = 06F54D581D139DA600119CE8 /* SecondViewController.m */; };
		06F54D5C1D139DAF00119CE8 /* ThirdViewController.m in Sources */ = {isa = PBXBuildFile; fileRef = 06F54D5B1D139DAF00119CE8 /* ThirdViewController.m */; };
		06F54D5F1D139DC700119CE8 /* MineViewController.m in Sources */ = {isa = PBXBuildFile; fileRef = 06F54D5E1D139DC700119CE8 /* MineViewController.m */; };
		06F54D651D139F7C00119CE8 /* UserGuideViewController.m in Sources */ = {isa = PBXBuildFile; fileRef = 06F54D641D139F7C00119CE8 /* UserGuideViewController.m */; };
		06F54D681D139FEC00119CE8 /* TabBar.m in Sources */ = {isa = PBXBuildFile; fileRef = 06F54D671D139FEC00119CE8 /* TabBar.m */; };
		06F54D6B1D13A01E00119CE8 /* TabBarItem.m in Sources */ = {isa = PBXBuildFile; fileRef = 06F54D6A1D13A01E00119CE8 /* TabBarItem.m */; };
		06F54D6E1D13AC2D00119CE8 /* TabBarController.m in Sources */ = {isa = PBXBuildFile; fileRef = 06F54D6D1D13AC2D00119CE8 /* TabBarController.m */; };
		06F54D791D13F15700119CE8 /* account_highlight@2x.png in Resources */ = {isa = PBXBuildFile; fileRef = 06F54D6F1D13F15700119CE8 /* account_highlight@2x.png */; };
		06F54D7A1D13F15700119CE8 /* account_normal@2x.png in Resources */ = {isa = PBXBuildFile; fileRef = 06F54D701D13F15700119CE8 /* account_normal@2x.png */; };
		06F54D7B1D13F15700119CE8 /* home_highlight@2x.png in Resources */ = {isa = PBXBuildFile; fileRef = 06F54D711D13F15700119CE8 /* home_highlight@2x.png */; };
		06F54D7C1D13F15700119CE8 /* home_normal@2x.png in Resources */ = {isa = PBXBuildFile; fileRef = 06F54D721D13F15700119CE8 /* home_normal@2x.png */; };
		06F54D7D1D13F15700119CE8 /* message_highlight@2x.png in Resources */ = {isa = PBXBuildFile; fileRef = 06F54D731D13F15700119CE8 /* message_highlight@2x.png */; };
		06F54D7E1D13F15700119CE8 /* message_normal@2x.png in Resources */ = {isa = PBXBuildFile; fileRef = 06F54D741D13F15700119CE8 /* message_normal@2x.png */; };
		06F54D7F1D13F15700119CE8 /* mycity_highlight@2x.png in Resources */ = {isa = PBXBuildFile; fileRef = 06F54D751D13F15700119CE8 /* mycity_highlight@2x.png */; };
		06F54D801D13F15700119CE8 /* mycity_normal@2x.png in Resources */ = {isa = PBXBuildFile; fileRef = 06F54D761D13F15700119CE8 /* mycity_normal@2x.png */; };
		06F54D811D13F15700119CE8 /* post_normal@2x.png in Resources */ = {isa = PBXBuildFile; fileRef = 06F54D771D13F15700119CE8 /* post_normal@2x.png */; };
		06F54D8E1D13F1A800119CE8 /* ViewControllerDetail.m in Sources */ = {isa = PBXBuildFile; fileRef = 06F54D861D13F1A800119CE8 /* ViewControllerDetail.m */; };
		06F54D8F1D13F1A800119CE8 /* ViewControllerDetailNext.m in Sources */ = {isa = PBXBuildFile; fileRef = 06F54D881D13F1A800119CE8 /* ViewControllerDetailNext.m */; };
		06F54D901D13F1A800119CE8 /* Weather.m in Sources */ = {isa = PBXBuildFile; fileRef = 06F54D8A1D13F1A800119CE8 /* Weather.m */; };
		06F54D911D13F1A800119CE8 /* XHObserver.m in Sources */ = {isa = PBXBuildFile; fileRef = 06F54D8C1D13F1A800119CE8 /* XHObserver.m */; };
		06F54DA41D13F47800119CE8 /* GenerateViewController.m in Sources */ = {isa = PBXBuildFile; fileRef = 06F54D9F1D13F47800119CE8 /* GenerateViewController.m */; };
		06F54DA51D13F47800119CE8 /* IdentifyViewController.m in Sources */ = {isa = PBXBuildFile; fileRef = 06F54DA11D13F47800119CE8 /* IdentifyViewController.m */; };
		06F54DA61D13F47800119CE8 /* ScanViewController.m in Sources */ = {isa = PBXBuildFile; fileRef = 06F54DA31D13F47800119CE8 /* ScanViewController.m */; };
		06FB69EE1D1A1B7F0046FB24 /* FourthViewController.m in Sources */ = {isa = PBXBuildFile; fileRef = 06FB69ED1D1A1B7F0046FB24 /* FourthViewController.m */; };
		06FB69F51D1A1EDE0046FB24 /* XHNetwork.m in Sources */ = {isa = PBXBuildFile; fileRef = 06FB69F41D1A1EDE0046FB24 /* XHNetwork.m */; };
		06FB69F81D1A436A0046FB24 /* LaunchImage@2x.png in Resources */ = {isa = PBXBuildFile; fileRef = 06FB69F61D1A436A0046FB24 /* LaunchImage@2x.png */; };
		06FB69F91D1A436A0046FB24 /* LaunchImage@3x.png in Resources */ = {isa = PBXBuildFile; fileRef = 06FB69F71D1A436A0046FB24 /* LaunchImage@3x.png */; };
		20BF74A1519C82761E127EDA /* libPods-demo1.a in Frameworks */ = {isa = PBXBuildFile; fileRef = 435D2FFCDF0DF932C7B393C1 /* libPods-demo1.a */; };
		4B2B1FE71EF381B700848C8B /* LWPrivacyUtils.m in Sources */ = {isa = PBXBuildFile; fileRef = 4B2B1FE61EF381B700848C8B /* LWPrivacyUtils.m */; };
		4B2B1FEA1EF3824300848C8B /* GlobalObject.m in Sources */ = {isa = PBXBuildFile; fileRef = 4B2B1FE91EF3824300848C8B /* GlobalObject.m */; };
		4B2B1FED1EF3AF8100848C8B /* 雪窦寺.mp4 in Resources */ = {isa = PBXBuildFile; fileRef = 4B2B1FEC1EF3AF8100848C8B /* 雪窦寺.mp4 */; };
		E03FDA4AB185E82E41BB59C5 /* libPods-demo1Tests.a in Frameworks */ = {isa = PBXBuildFile; fileRef = 13338C8816559376FD4F22F8 /* libPods-demo1Tests.a */; };
/* End PBXBuildFile section */

/* Begin PBXContainerItemProxy section */
		06D359E41C9FDC1E003359B8 /* PBXContainerItemProxy */ = {
			isa = PBXContainerItemProxy;
			containerPortal = 06D359C21C9FDC1D003359B8 /* Project object */;
			proxyType = 1;
			remoteGlobalIDString = 06D359C91C9FDC1D003359B8;
			remoteInfo = demo1;
		};
		06D359EF1C9FDC1E003359B8 /* PBXContainerItemProxy */ = {
			isa = PBXContainerItemProxy;
			containerPortal = 06D359C21C9FDC1D003359B8 /* Project object */;
			proxyType = 1;
			remoteGlobalIDString = 06D359C91C9FDC1D003359B8;
			remoteInfo = demo1;
		};
/* End PBXContainerItemProxy section */

/* Begin PBXFileReference section */
		061B36CA1D50705700F917D2 /* MyMusicViewController.h */ = {isa = PBXFileReference; fileEncoding = 4; lastKnownFileType = sourcecode.c.h; path = MyMusicViewController.h; sourceTree = "<group>"; };
		061B36CB1D50705700F917D2 /* MyMusicViewController.m */ = {isa = PBXFileReference; fileEncoding = 4; lastKnownFileType = sourcecode.c.objc; path = MyMusicViewController.m; sourceTree = "<group>"; };
		0627F3BE1D2B930900A5CBCA /* MyCell.h */ = {isa = PBXFileReference; fileEncoding = 4; lastKnownFileType = sourcecode.c.h; path = MyCell.h; sourceTree = "<group>"; };
		0627F3BF1D2B930900A5CBCA /* MyCell.m */ = {isa = PBXFileReference; fileEncoding = 4; lastKnownFileType = sourcecode.c.objc; path = MyCell.m; sourceTree = "<group>"; };
		062BA01C1D3F451000CF6890 /* interface.h */ = {isa = PBXFileReference; lastKnownFileType = sourcecode.c.h; path = interface.h; sourceTree = "<group>"; };
		0638BD641D17C79400AB259E /* home_bar_scan@2x.png */ = {isa = PBXFileReference; lastKnownFileType = image.png; path = "home_bar_scan@2x.png"; sourceTree = "<group>"; };
		0638BD651D17C79400AB259E /* home_bar_scan@3x.png */ = {isa = PBXFileReference; lastKnownFileType = image.png; path = "home_bar_scan@3x.png"; sourceTree = "<group>"; };
		0638BD661D17C79400AB259E /* icon_search@2x.png */ = {isa = PBXFileReference; lastKnownFileType = image.png; path = "icon_search@2x.png"; sourceTree = "<group>"; };
		0638BD671D17C79400AB259E /* icon_search@3x.png */ = {isa = PBXFileReference; lastKnownFileType = image.png; path = "icon_search@3x.png"; sourceTree = "<group>"; };
		0638BD6C1D17D12A00AB259E /* 立即体验@2x.png */ = {isa = PBXFileReference; lastKnownFileType = image.png; path = "立即体验@2x.png"; sourceTree = "<group>"; };
		0638BD6D1D17D12A00AB259E /* 立即体验@3x.png */ = {isa = PBXFileReference; lastKnownFileType = image.png; path = "立即体验@3x.png"; sourceTree = "<group>"; };
		0638BD751D17D74700AB259E /* tapbar_top_line@2x.png */ = {isa = PBXFileReference; lastKnownFileType = image.png; path = "tapbar_top_line@2x.png"; sourceTree = "<group>"; };
		0641CFA01D22592B006CA897 /* AdvertiseDetailViewController.h */ = {isa = PBXFileReference; fileEncoding = 4; lastKnownFileType = sourcecode.c.h; path = AdvertiseDetailViewController.h; sourceTree = "<group>"; };
		0641CFA11D22592B006CA897 /* AdvertiseDetailViewController.m */ = {isa = PBXFileReference; fileEncoding = 4; lastKnownFileType = sourcecode.c.objc; path = AdvertiseDetailViewController.m; sourceTree = "<group>"; };
		0641CFA31D22597E006CA897 /* AdvertiseView.h */ = {isa = PBXFileReference; fileEncoding = 4; lastKnownFileType = sourcecode.c.h; path = AdvertiseView.h; sourceTree = "<group>"; };
		0641CFA41D22597E006CA897 /* AdvertiseView.m */ = {isa = PBXFileReference; fileEncoding = 4; lastKnownFileType = sourcecode.c.objc; path = AdvertiseView.m; sourceTree = "<group>"; };
		0678EFCF1D1269CF000A3B7B /* h1.jpg */ = {isa = PBXFileReference; lastKnownFileType = image.jpeg; path = h1.jpg; sourceTree = "<group>"; };
		0678EFD01D1269CF000A3B7B /* h2.jpg */ = {isa = PBXFileReference; lastKnownFileType = image.jpeg; path = h2.jpg; sourceTree = "<group>"; };
		0678EFD11D1269CF000A3B7B /* h3.jpg */ = {isa = PBXFileReference; lastKnownFileType = image.jpeg; path = h3.jpg; sourceTree = "<group>"; };
		0678EFD21D1269CF000A3B7B /* h4.jpg */ = {isa = PBXFileReference; lastKnownFileType = image.jpeg; path = h4.jpg; sourceTree = "<group>"; };
		0678EFD31D1269CF000A3B7B /* LaunchImage.png */ = {isa = PBXFileReference; lastKnownFileType = image.png; path = LaunchImage.png; sourceTree = "<group>"; };
		06811D761D3E453000FD6546 /* MyLabel.h */ = {isa = PBXFileReference; fileEncoding = 4; lastKnownFileType = sourcecode.c.h; path = MyLabel.h; sourceTree = "<group>"; };
		06811D771D3E453000FD6546 /* MyLabel.m */ = {isa = PBXFileReference; fileEncoding = 4; lastKnownFileType = sourcecode.c.objc; path = MyLabel.m; sourceTree = "<group>"; };
		06811D791D3E473500FD6546 /* XHTheme.h */ = {isa = PBXFileReference; fileEncoding = 4; lastKnownFileType = sourcecode.c.h; path = XHTheme.h; sourceTree = "<group>"; };
		06811D7A1D3E473500FD6546 /* XHTheme.m */ = {isa = PBXFileReference; fileEncoding = 4; lastKnownFileType = sourcecode.c.objc; path = XHTheme.m; sourceTree = "<group>"; };
		0695BA231CC0D2D5005F7D1E /* Base */ = {isa = PBXFileReference; lastKnownFileType = file.storyboard; name = Base; path = Base.lproj/LaunchScreen.storyboard; sourceTree = "<group>"; };
		06B533A11D535D6C00855EE6 /* MyMovieViewController.h */ = {isa = PBXFileReference; fileEncoding = 4; lastKnownFileType = sourcecode.c.h; path = MyMovieViewController.h; sourceTree = "<group>"; };
		06B533A21D535D6C00855EE6 /* MyMovieViewController.m */ = {isa = PBXFileReference; fileEncoding = 4; lastKnownFileType = sourcecode.c.objc; path = MyMovieViewController.m; sourceTree = "<group>"; };
		06C50AA11D239DBE000BCFA3 /* header-arrow@2x.png */ = {isa = PBXFileReference; lastKnownFileType = image.png; path = "header-arrow@2x.png"; sourceTree = "<group>"; };
		06C50AA21D239DBE000BCFA3 /* header-arrow@3x.png */ = {isa = PBXFileReference; lastKnownFileType = image.png; path = "header-arrow@3x.png"; sourceTree = "<group>"; };
		06C5E4541D585A1900A7D474 /* XHAVAudioManager.h */ = {isa = PBXFileReference; fileEncoding = 4; lastKnownFileType = sourcecode.c.h; path = XHAVAudioManager.h; sourceTree = "<group>"; };
		06C5E4551D585A1900A7D474 /* XHAVAudioManager.m */ = {isa = PBXFileReference; fileEncoding = 4; lastKnownFileType = sourcecode.c.objc; path = XHAVAudioManager.m; sourceTree = "<group>"; };
		06C5E4571D58654500A7D474 /* XHAVVideoManager.h */ = {isa = PBXFileReference; fileEncoding = 4; lastKnownFileType = sourcecode.c.h; path = XHAVVideoManager.h; sourceTree = "<group>"; };
		06C5E4581D58654500A7D474 /* XHAVVideoManager.m */ = {isa = PBXFileReference; fileEncoding = 4; lastKnownFileType = sourcecode.c.objc; path = XHAVVideoManager.m; sourceTree = "<group>"; };
		06C9D2171D260D41001251AD /* MyViewController.h */ = {isa = PBXFileReference; fileEncoding = 4; lastKnownFileType = sourcecode.c.h; path = MyViewController.h; sourceTree = "<group>"; };
		06C9D2181D260D41001251AD /* MyViewController.m */ = {isa = PBXFileReference; fileEncoding = 4; lastKnownFileType = sourcecode.c.objc; path = MyViewController.m; sourceTree = "<group>"; };
		06D359CA1C9FDC1D003359B8 /* demo1.app */ = {isa = PBXFileReference; explicitFileType = wrapper.application; includeInIndex = 0; path = demo1.app; sourceTree = BUILT_PRODUCTS_DIR; };
		06D359CE1C9FDC1D003359B8 /* main.m */ = {isa = PBXFileReference; lastKnownFileType = sourcecode.c.objc; path = main.m; sourceTree = "<group>"; };
		06D359D71C9FDC1D003359B8 /* Base */ = {isa = PBXFileReference; lastKnownFileType = file.storyboard; name = Base; path = Base.lproj/Main.storyboard; sourceTree = "<group>"; };
		06D359D91C9FDC1E003359B8 /* Assets.xcassets */ = {isa = PBXFileReference; lastKnownFileType = folder.assetcatalog; path = Assets.xcassets; sourceTree = "<group>"; };
		06D359DE1C9FDC1E003359B8 /* Info.plist */ = {isa = PBXFileReference; lastKnownFileType = text.plist.xml; path = Info.plist; sourceTree = "<group>"; };
		06D359E31C9FDC1E003359B8 /* demo1Tests.xctest */ = {isa = PBXFileReference; explicitFileType = wrapper.cfbundle; includeInIndex = 0; path = demo1Tests.xctest; sourceTree = BUILT_PRODUCTS_DIR; };
		06D359E71C9FDC1E003359B8 /* demo1Tests.m */ = {isa = PBXFileReference; lastKnownFileType = sourcecode.c.objc; path = demo1Tests.m; sourceTree = "<group>"; };
		06D359E91C9FDC1E003359B8 /* Info.plist */ = {isa = PBXFileReference; lastKnownFileType = text.plist.xml; path = Info.plist; sourceTree = "<group>"; };
		06D359EE1C9FDC1E003359B8 /* demo1UITests.xctest */ = {isa = PBXFileReference; explicitFileType = wrapper.cfbundle; includeInIndex = 0; path = demo1UITests.xctest; sourceTree = BUILT_PRODUCTS_DIR; };
		06D359F21C9FDC1E003359B8 /* demo1UITests.m */ = {isa = PBXFileReference; lastKnownFileType = sourcecode.c.objc; path = demo1UITests.m; sourceTree = "<group>"; };
		06D359F41C9FDC1E003359B8 /* Info.plist */ = {isa = PBXFileReference; lastKnownFileType = text.plist.xml; path = Info.plist; sourceTree = "<group>"; };
		06F54D4D1D13951000119CE8 /* AppDelegate.h */ = {isa = PBXFileReference; fileEncoding = 4; lastKnownFileType = sourcecode.c.h; path = AppDelegate.h; sourceTree = "<group>"; };
		06F54D4E1D13951000119CE8 /* AppDelegate.m */ = {isa = PBXFileReference; fileEncoding = 4; lastKnownFileType = sourcecode.c.objc; path = AppDelegate.m; sourceTree = "<group>"; };
		06F54D511D139D5B00119CE8 /* BaseViewController.h */ = {isa = PBXFileReference; fileEncoding = 4; lastKnownFileType = sourcecode.c.h; path = BaseViewController.h; sourceTree = "<group>"; };
		06F54D521D139D5B00119CE8 /* BaseViewController.m */ = {isa = PBXFileReference; fileEncoding = 4; lastKnownFileType = sourcecode.c.objc; path = BaseViewController.m; sourceTree = "<group>"; };
		06F54D541D139D9700119CE8 /* HomeViewController.h */ = {isa = PBXFileReference; fileEncoding = 4; lastKnownFileType = sourcecode.c.h; path = HomeViewController.h; sourceTree = "<group>"; };
		06F54D551D139D9700119CE8 /* HomeViewController.m */ = {isa = PBXFileReference; fileEncoding = 4; lastKnownFileType = sourcecode.c.objc; path = HomeViewController.m; sourceTree = "<group>"; };
		06F54D571D139DA600119CE8 /* SecondViewController.h */ = {isa = PBXFileReference; fileEncoding = 4; lastKnownFileType = sourcecode.c.h; path = SecondViewController.h; sourceTree = "<group>"; };
		06F54D581D139DA600119CE8 /* SecondViewController.m */ = {isa = PBXFileReference; fileEncoding = 4; lastKnownFileType = sourcecode.c.objc; path = SecondViewController.m; sourceTree = "<group>"; };
		06F54D5A1D139DAF00119CE8 /* ThirdViewController.h */ = {isa = PBXFileReference; fileEncoding = 4; lastKnownFileType = sourcecode.c.h; path = ThirdViewController.h; sourceTree = "<group>"; };
		06F54D5B1D139DAF00119CE8 /* ThirdViewController.m */ = {isa = PBXFileReference; fileEncoding = 4; lastKnownFileType = sourcecode.c.objc; path = ThirdViewController.m; sourceTree = "<group>"; };
		06F54D5D1D139DC700119CE8 /* MineViewController.h */ = {isa = PBXFileReference; fileEncoding = 4; lastKnownFileType = sourcecode.c.h; path = MineViewController.h; sourceTree = "<group>"; };
		06F54D5E1D139DC700119CE8 /* MineViewController.m */ = {isa = PBXFileReference; fileEncoding = 4; lastKnownFileType = sourcecode.c.objc; path = MineViewController.m; sourceTree = "<group>"; };
		06F54D631D139F7C00119CE8 /* UserGuideViewController.h */ = {isa = PBXFileReference; fileEncoding = 4; lastKnownFileType = sourcecode.c.h; path = UserGuideViewController.h; sourceTree = "<group>"; };
		06F54D641D139F7C00119CE8 /* UserGuideViewController.m */ = {isa = PBXFileReference; fileEncoding = 4; lastKnownFileType = sourcecode.c.objc; path = UserGuideViewController.m; sourceTree = "<group>"; };
		06F54D661D139FEC00119CE8 /* TabBar.h */ = {isa = PBXFileReference; fileEncoding = 4; lastKnownFileType = sourcecode.c.h; path = TabBar.h; sourceTree = "<group>"; };
		06F54D671D139FEC00119CE8 /* TabBar.m */ = {isa = PBXFileReference; fileEncoding = 4; lastKnownFileType = sourcecode.c.objc; path = TabBar.m; sourceTree = "<group>"; };
		06F54D691D13A01E00119CE8 /* TabBarItem.h */ = {isa = PBXFileReference; fileEncoding = 4; lastKnownFileType = sourcecode.c.h; path = TabBarItem.h; sourceTree = "<group>"; };
		06F54D6A1D13A01E00119CE8 /* TabBarItem.m */ = {isa = PBXFileReference; fileEncoding = 4; lastKnownFileType = sourcecode.c.objc; path = TabBarItem.m; sourceTree = "<group>"; };
		06F54D6C1D13AC2D00119CE8 /* TabBarController.h */ = {isa = PBXFileReference; fileEncoding = 4; lastKnownFileType = sourcecode.c.h; path = TabBarController.h; sourceTree = "<group>"; };
		06F54D6D1D13AC2D00119CE8 /* TabBarController.m */ = {isa = PBXFileReference; fileEncoding = 4; lastKnownFileType = sourcecode.c.objc; path = TabBarController.m; sourceTree = "<group>"; };
		06F54D6F1D13F15700119CE8 /* account_highlight@2x.png */ = {isa = PBXFileReference; lastKnownFileType = image.png; path = "account_highlight@2x.png"; sourceTree = "<group>"; };
		06F54D701D13F15700119CE8 /* account_normal@2x.png */ = {isa = PBXFileReference; lastKnownFileType = image.png; path = "account_normal@2x.png"; sourceTree = "<group>"; };
		06F54D711D13F15700119CE8 /* home_highlight@2x.png */ = {isa = PBXFileReference; lastKnownFileType = image.png; path = "home_highlight@2x.png"; sourceTree = "<group>"; };
		06F54D721D13F15700119CE8 /* home_normal@2x.png */ = {isa = PBXFileReference; lastKnownFileType = image.png; path = "home_normal@2x.png"; sourceTree = "<group>"; };
		06F54D731D13F15700119CE8 /* message_highlight@2x.png */ = {isa = PBXFileReference; lastKnownFileType = image.png; path = "message_highlight@2x.png"; sourceTree = "<group>"; };
		06F54D741D13F15700119CE8 /* message_normal@2x.png */ = {isa = PBXFileReference; lastKnownFileType = image.png; path = "message_normal@2x.png"; sourceTree = "<group>"; };
		06F54D751D13F15700119CE8 /* mycity_highlight@2x.png */ = {isa = PBXFileReference; lastKnownFileType = image.png; path = "mycity_highlight@2x.png"; sourceTree = "<group>"; };
		06F54D761D13F15700119CE8 /* mycity_normal@2x.png */ = {isa = PBXFileReference; lastKnownFileType = image.png; path = "mycity_normal@2x.png"; sourceTree = "<group>"; };
		06F54D771D13F15700119CE8 /* post_normal@2x.png */ = {isa = PBXFileReference; lastKnownFileType = image.png; path = "post_normal@2x.png"; sourceTree = "<group>"; };
		06F54D851D13F1A800119CE8 /* ViewControllerDetail.h */ = {isa = PBXFileReference; fileEncoding = 4; lastKnownFileType = sourcecode.c.h; path = ViewControllerDetail.h; sourceTree = "<group>"; };
		06F54D861D13F1A800119CE8 /* ViewControllerDetail.m */ = {isa = PBXFileReference; fileEncoding = 4; lastKnownFileType = sourcecode.c.objc; path = ViewControllerDetail.m; sourceTree = "<group>"; };
		06F54D871D13F1A800119CE8 /* ViewControllerDetailNext.h */ = {isa = PBXFileReference; fileEncoding = 4; lastKnownFileType = sourcecode.c.h; path = ViewControllerDetailNext.h; sourceTree = "<group>"; };
		06F54D881D13F1A800119CE8 /* ViewControllerDetailNext.m */ = {isa = PBXFileReference; fileEncoding = 4; lastKnownFileType = sourcecode.c.objc; path = ViewControllerDetailNext.m; sourceTree = "<group>"; };
		06F54D891D13F1A800119CE8 /* Weather.h */ = {isa = PBXFileReference; fileEncoding = 4; lastKnownFileType = sourcecode.c.h; path = Weather.h; sourceTree = "<group>"; };
		06F54D8A1D13F1A800119CE8 /* Weather.m */ = {isa = PBXFileReference; fileEncoding = 4; lastKnownFileType = sourcecode.c.objc; path = Weather.m; sourceTree = "<group>"; };
		06F54D8B1D13F1A800119CE8 /* XHObserver.h */ = {isa = PBXFileReference; fileEncoding = 4; lastKnownFileType = sourcecode.c.h; path = XHObserver.h; sourceTree = "<group>"; };
		06F54D8C1D13F1A800119CE8 /* XHObserver.m */ = {isa = PBXFileReference; fileEncoding = 4; lastKnownFileType = sourcecode.c.objc; path = XHObserver.m; sourceTree = "<group>"; };
		06F54D9E1D13F47800119CE8 /* GenerateViewController.h */ = {isa = PBXFileReference; fileEncoding = 4; lastKnownFileType = sourcecode.c.h; path = GenerateViewController.h; sourceTree = "<group>"; };
		06F54D9F1D13F47800119CE8 /* GenerateViewController.m */ = {isa = PBXFileReference; fileEncoding = 4; lastKnownFileType = sourcecode.c.objc; path = GenerateViewController.m; sourceTree = "<group>"; };
		06F54DA01D13F47800119CE8 /* IdentifyViewController.h */ = {isa = PBXFileReference; fileEncoding = 4; lastKnownFileType = sourcecode.c.h; path = IdentifyViewController.h; sourceTree = "<group>"; };
		06F54DA11D13F47800119CE8 /* IdentifyViewController.m */ = {isa = PBXFileReference; fileEncoding = 4; lastKnownFileType = sourcecode.c.objc; path = IdentifyViewController.m; sourceTree = "<group>"; };
		06F54DA21D13F47800119CE8 /* ScanViewController.h */ = {isa = PBXFileReference; fileEncoding = 4; lastKnownFileType = sourcecode.c.h; path = ScanViewController.h; sourceTree = "<group>"; };
		06F54DA31D13F47800119CE8 /* ScanViewController.m */ = {isa = PBXFileReference; fileEncoding = 4; lastKnownFileType = sourcecode.c.objc; path = ScanViewController.m; sourceTree = "<group>"; };
		06FB69EC1D1A1B7F0046FB24 /* FourthViewController.h */ = {isa = PBXFileReference; fileEncoding = 4; lastKnownFileType = sourcecode.c.h; path = FourthViewController.h; sourceTree = "<group>"; };
		06FB69ED1D1A1B7F0046FB24 /* FourthViewController.m */ = {isa = PBXFileReference; fileEncoding = 4; lastKnownFileType = sourcecode.c.objc; path = FourthViewController.m; sourceTree = "<group>"; };
		06FB69F01D1A1EDE0046FB24 /* macro.h */ = {isa = PBXFileReference; fileEncoding = 4; lastKnownFileType = sourcecode.c.h; path = macro.h; sourceTree = "<group>"; };
		06FB69F11D1A1EDE0046FB24 /* PrefixHeader_demo1.pch */ = {isa = PBXFileReference; fileEncoding = 4; lastKnownFileType = sourcecode.c.h; path = PrefixHeader_demo1.pch; sourceTree = "<group>"; };
		06FB69F31D1A1EDE0046FB24 /* XHNetwork.h */ = {isa = PBXFileReference; fileEncoding = 4; lastKnownFileType = sourcecode.c.h; path = XHNetwork.h; sourceTree = "<group>"; };
		06FB69F41D1A1EDE0046FB24 /* XHNetwork.m */ = {isa = PBXFileReference; fileEncoding = 4; lastKnownFileType = sourcecode.c.objc; path = XHNetwork.m; sourceTree = "<group>"; };
		06FB69F61D1A436A0046FB24 /* LaunchImage@2x.png */ = {isa = PBXFileReference; lastKnownFileType = image.png; path = "LaunchImage@2x.png"; sourceTree = "<group>"; };
		06FB69F71D1A436A0046FB24 /* LaunchImage@3x.png */ = {isa = PBXFileReference; lastKnownFileType = image.png; path = "LaunchImage@3x.png"; sourceTree = "<group>"; };
		13338C8816559376FD4F22F8 /* libPods-demo1Tests.a */ = {isa = PBXFileReference; explicitFileType = archive.ar; includeInIndex = 0; path = "libPods-demo1Tests.a"; sourceTree = BUILT_PRODUCTS_DIR; };
		435D2FFCDF0DF932C7B393C1 /* libPods-demo1.a */ = {isa = PBXFileReference; explicitFileType = archive.ar; includeInIndex = 0; path = "libPods-demo1.a"; sourceTree = BUILT_PRODUCTS_DIR; };
		4662B5B1D7C4136706F8D0A3 /* Pods-demo1.release.xcconfig */ = {isa = PBXFileReference; includeInIndex = 1; lastKnownFileType = text.xcconfig; name = "Pods-demo1.release.xcconfig"; path = "Pods/Target Support Files/Pods-demo1/Pods-demo1.release.xcconfig"; sourceTree = "<group>"; };
		4B2B1FE51EF381B700848C8B /* LWPrivacyUtils.h */ = {isa = PBXFileReference; fileEncoding = 4; lastKnownFileType = sourcecode.c.h; path = LWPrivacyUtils.h; sourceTree = "<group>"; };
		4B2B1FE61EF381B700848C8B /* LWPrivacyUtils.m */ = {isa = PBXFileReference; fileEncoding = 4; lastKnownFileType = sourcecode.c.objc; path = LWPrivacyUtils.m; sourceTree = "<group>"; };
		4B2B1FE81EF3824300848C8B /* GlobalObject.h */ = {isa = PBXFileReference; fileEncoding = 4; lastKnownFileType = sourcecode.c.h; path = GlobalObject.h; sourceTree = "<group>"; };
		4B2B1FE91EF3824300848C8B /* GlobalObject.m */ = {isa = PBXFileReference; fileEncoding = 4; lastKnownFileType = sourcecode.c.objc; path = GlobalObject.m; sourceTree = "<group>"; };
		4B2B1FEC1EF3AF8100848C8B /* 雪窦寺.mp4 */ = {isa = PBXFileReference; lastKnownFileType = file; path = "雪窦寺.mp4"; sourceTree = "<group>"; };
		5ABCB9C06986218F04BEB8FA /* Pods-demo1Tests.release.xcconfig */ = {isa = PBXFileReference; includeInIndex = 1; lastKnownFileType = text.xcconfig; name = "Pods-demo1Tests.release.xcconfig"; path = "Pods/Target Support Files/Pods-demo1Tests/Pods-demo1Tests.release.xcconfig"; sourceTree = "<group>"; };
		D72A2854DF1749D19FDD8A9D /* Pods-demo1Tests.debug.xcconfig */ = {isa = PBXFileReference; includeInIndex = 1; lastKnownFileType = text.xcconfig; name = "Pods-demo1Tests.debug.xcconfig"; path = "Pods/Target Support Files/Pods-demo1Tests/Pods-demo1Tests.debug.xcconfig"; sourceTree = "<group>"; };
		E52913E3CD10C52A488D027D /* Pods-demo1.debug.xcconfig */ = {isa = PBXFileReference; includeInIndex = 1; lastKnownFileType = text.xcconfig; name = "Pods-demo1.debug.xcconfig"; path = "Pods/Target Support Files/Pods-demo1/Pods-demo1.debug.xcconfig"; sourceTree = "<group>"; };
/* End PBXFileReference section */

/* Begin PBXFrameworksBuildPhase section */
		06D359C71C9FDC1D003359B8 /* Frameworks */ = {
			isa = PBXFrameworksBuildPhase;
			buildActionMask = 2147483647;
			files = (
				20BF74A1519C82761E127EDA /* libPods-demo1.a in Frameworks */,
			);
			runOnlyForDeploymentPostprocessing = 0;
		};
		06D359E01C9FDC1E003359B8 /* Frameworks */ = {
			isa = PBXFrameworksBuildPhase;
			buildActionMask = 2147483647;
			files = (
				E03FDA4AB185E82E41BB59C5 /* libPods-demo1Tests.a in Frameworks */,
			);
			runOnlyForDeploymentPostprocessing = 0;
		};
		06D359EB1C9FDC1E003359B8 /* Frameworks */ = {
			isa = PBXFrameworksBuildPhase;
			buildActionMask = 2147483647;
			files = (
			);
			runOnlyForDeploymentPostprocessing = 0;
		};
/* End PBXFrameworksBuildPhase section */

/* Begin PBXGroup section */
		0678EFC91D1269CF000A3B7B /* Resource */ = {
			isa = PBXGroup;
			children = (
				4B2B1FEB1EF3AF8100848C8B /* video */,
				0678EFCA1D1269CF000A3B7B /* images */,
			);
			path = Resource;
			sourceTree = "<group>";
		};
		0678EFCA1D1269CF000A3B7B /* images */ = {
			isa = PBXGroup;
			children = (
				0638BD6C1D17D12A00AB259E /* 立即体验@2x.png */,
				0638BD6D1D17D12A00AB259E /* 立即体验@3x.png */,
				06C50AA11D239DBE000BCFA3 /* header-arrow@2x.png */,
				06C50AA21D239DBE000BCFA3 /* header-arrow@3x.png */,
				0638BD641D17C79400AB259E /* home_bar_scan@2x.png */,
				0638BD651D17C79400AB259E /* home_bar_scan@3x.png */,
				0638BD661D17C79400AB259E /* icon_search@2x.png */,
				0638BD671D17C79400AB259E /* icon_search@3x.png */,
				06F54D6F1D13F15700119CE8 /* account_highlight@2x.png */,
				06F54D701D13F15700119CE8 /* account_normal@2x.png */,
				06F54D711D13F15700119CE8 /* home_highlight@2x.png */,
				06F54D721D13F15700119CE8 /* home_normal@2x.png */,
				06F54D731D13F15700119CE8 /* message_highlight@2x.png */,
				06F54D741D13F15700119CE8 /* message_normal@2x.png */,
				06F54D751D13F15700119CE8 /* mycity_highlight@2x.png */,
				06F54D761D13F15700119CE8 /* mycity_normal@2x.png */,
				06F54D771D13F15700119CE8 /* post_normal@2x.png */,
				0638BD751D17D74700AB259E /* tapbar_top_line@2x.png */,
				0678EFCF1D1269CF000A3B7B /* h1.jpg */,
				0678EFD01D1269CF000A3B7B /* h2.jpg */,
				0678EFD11D1269CF000A3B7B /* h3.jpg */,
				0678EFD21D1269CF000A3B7B /* h4.jpg */,
				0678EFD31D1269CF000A3B7B /* LaunchImage.png */,
				06FB69F61D1A436A0046FB24 /* LaunchImage@2x.png */,
				06FB69F71D1A436A0046FB24 /* LaunchImage@3x.png */,
			);
			path = images;
			sourceTree = "<group>";
		};
		06811D751D3E453000FD6546 /* Label */ = {
			isa = PBXGroup;
			children = (
				06811D761D3E453000FD6546 /* MyLabel.h */,
				06811D771D3E453000FD6546 /* MyLabel.m */,
			);
			path = Label;
			sourceTree = "<group>";
		};
		06D359C11C9FDC1D003359B8 = {
			isa = PBXGroup;
			children = (
				06D359CC1C9FDC1D003359B8 /* demo1 */,
				06D359E61C9FDC1E003359B8 /* demo1Tests */,
				06D359CB1C9FDC1D003359B8 /* Products */,
				F46C0EDF8BEB457DB59CC95C /* Pods */,
				8A79C104F881DEB831B337DD /* Frameworks */,
			);
			sourceTree = "<group>";
		};
		06D359CB1C9FDC1D003359B8 /* Products */ = {
			isa = PBXGroup;
			children = (
				06D359CA1C9FDC1D003359B8 /* demo1.app */,
				06D359E31C9FDC1E003359B8 /* demo1Tests.xctest */,
				06D359EE1C9FDC1E003359B8 /* demo1UITests.xctest */,
			);
			name = Products;
			sourceTree = "<group>";
		};
		06D359CC1C9FDC1D003359B8 /* demo1 */ = {
			isa = PBXGroup;
			children = (
				06F54D4D1D13951000119CE8 /* AppDelegate.h */,
				06F54D4E1D13951000119CE8 /* AppDelegate.m */,
				06F54D6C1D13AC2D00119CE8 /* TabBarController.h */,
				06F54D6D1D13AC2D00119CE8 /* TabBarController.m */,
				4B2B1FE31EF381B700848C8B /* Util */,
				06FB69EF1D1A1EDE0046FB24 /* Header */,
				06FB69F21D1A1EDE0046FB24 /* Tool */,
				06F54D451D1394A700119CE8 /* CustomView */,
				06F54D471D1394A700119CE8 /* ViewController */,
				0678EFC91D1269CF000A3B7B /* Resource */,
				06D359D61C9FDC1D003359B8 /* Main.storyboard */,
				0695BA221CC0D2D5005F7D1E /* LaunchScreen.storyboard */,
				06D359D91C9FDC1E003359B8 /* Assets.xcassets */,
				06D359DE1C9FDC1E003359B8 /* Info.plist */,
				06D359CD1C9FDC1D003359B8 /* Supporting Files */,
			);
			path = demo1;
			sourceTree = "<group>";
		};
		06D359CD1C9FDC1D003359B8 /* Supporting Files */ = {
			isa = PBXGroup;
			children = (
				06D359F11C9FDC1E003359B8 /* demo1UITests */,
				06D359CE1C9FDC1D003359B8 /* main.m */,
			);
			name = "Supporting Files";
			sourceTree = "<group>";
		};
		06D359E61C9FDC1E003359B8 /* demo1Tests */ = {
			isa = PBXGroup;
			children = (
				06D359E71C9FDC1E003359B8 /* demo1Tests.m */,
				06D359E91C9FDC1E003359B8 /* Info.plist */,
			);
			path = demo1Tests;
			sourceTree = "<group>";
		};
		06D359F11C9FDC1E003359B8 /* demo1UITests */ = {
			isa = PBXGroup;
			children = (
				06D359F21C9FDC1E003359B8 /* demo1UITests.m */,
				06D359F41C9FDC1E003359B8 /* Info.plist */,
			);
			path = demo1UITests;
			sourceTree = SOURCE_ROOT;
		};
		06F54D451D1394A700119CE8 /* CustomView */ = {
			isa = PBXGroup;
			children = (
				06F54D461D1394A700119CE8 /* TabBar */,
			);
			path = CustomView;
			sourceTree = "<group>";
		};
		06F54D461D1394A700119CE8 /* TabBar */ = {
			isa = PBXGroup;
			children = (
				06F54D661D139FEC00119CE8 /* TabBar.h */,
				06F54D671D139FEC00119CE8 /* TabBar.m */,
				06F54D691D13A01E00119CE8 /* TabBarItem.h */,
				06F54D6A1D13A01E00119CE8 /* TabBarItem.m */,
			);
			path = TabBar;
			sourceTree = "<group>";
		};
		06F54D471D1394A700119CE8 /* ViewController */ = {
			isa = PBXGroup;
			children = (
				06F54D501D139D0D00119CE8 /* Guide */,
				06F54D481D1394A700119CE8 /* Base */,
				06F54D491D1394A700119CE8 /* Home */,
				06F54D4B1D1394A700119CE8 /* Second */,
				06F54D4C1D1394A700119CE8 /* Third */,
				06FB69EB1D1A1B7E0046FB24 /* Fourth */,
				06F54D4A1D1394A700119CE8 /* Mine */,
			);
			path = ViewController;
			sourceTree = "<group>";
		};
		06F54D481D1394A700119CE8 /* Base */ = {
			isa = PBXGroup;
			children = (
				06F54D511D139D5B00119CE8 /* BaseViewController.h */,
				06F54D521D139D5B00119CE8 /* BaseViewController.m */,
			);
			path = Base;
			sourceTree = "<group>";
		};
		06F54D491D1394A700119CE8 /* Home */ = {
			isa = PBXGroup;
			children = (
				06F54D541D139D9700119CE8 /* HomeViewController.h */,
				06F54D551D139D9700119CE8 /* HomeViewController.m */,
				06F54D851D13F1A800119CE8 /* ViewControllerDetail.h */,
				06F54D861D13F1A800119CE8 /* ViewControllerDetail.m */,
				06F54D871D13F1A800119CE8 /* ViewControllerDetailNext.h */,
				06F54D881D13F1A800119CE8 /* ViewControllerDetailNext.m */,
				06F54D891D13F1A800119CE8 /* Weather.h */,
				06F54D8A1D13F1A800119CE8 /* Weather.m */,
				06F54D8B1D13F1A800119CE8 /* XHObserver.h */,
				06F54D8C1D13F1A800119CE8 /* XHObserver.m */,
			);
			path = Home;
			sourceTree = "<group>";
		};
		06F54D4A1D1394A700119CE8 /* Mine */ = {
			isa = PBXGroup;
			children = (
				061B36CA1D50705700F917D2 /* MyMusicViewController.h */,
				061B36CB1D50705700F917D2 /* MyMusicViewController.m */,
				06B533A11D535D6C00855EE6 /* MyMovieViewController.h */,
				06B533A21D535D6C00855EE6 /* MyMovieViewController.m */,
				0627F3BE1D2B930900A5CBCA /* MyCell.h */,
				0627F3BF1D2B930900A5CBCA /* MyCell.m */,
				06C9D2171D260D41001251AD /* MyViewController.h */,
				06C9D2181D260D41001251AD /* MyViewController.m */,
				06F54D5D1D139DC700119CE8 /* MineViewController.h */,
				06F54D5E1D139DC700119CE8 /* MineViewController.m */,
				06F54DA21D13F47800119CE8 /* ScanViewController.h */,
				06F54DA31D13F47800119CE8 /* ScanViewController.m */,
				06F54DA01D13F47800119CE8 /* IdentifyViewController.h */,
				06F54DA11D13F47800119CE8 /* IdentifyViewController.m */,
				06F54D9E1D13F47800119CE8 /* GenerateViewController.h */,
				06F54D9F1D13F47800119CE8 /* GenerateViewController.m */,
			);
			path = Mine;
			sourceTree = "<group>";
		};
		06F54D4B1D1394A700119CE8 /* Second */ = {
			isa = PBXGroup;
			children = (
				06F54D571D139DA600119CE8 /* SecondViewController.h */,
				06F54D581D139DA600119CE8 /* SecondViewController.m */,
			);
			path = Second;
			sourceTree = "<group>";
		};
		06F54D4C1D1394A700119CE8 /* Third */ = {
			isa = PBXGroup;
			children = (
				06F54D5A1D139DAF00119CE8 /* ThirdViewController.h */,
				06F54D5B1D139DAF00119CE8 /* ThirdViewController.m */,
			);
			path = Third;
			sourceTree = "<group>";
		};
		06F54D501D139D0D00119CE8 /* Guide */ = {
			isa = PBXGroup;
			children = (
				06F54D631D139F7C00119CE8 /* UserGuideViewController.h */,
				06F54D641D139F7C00119CE8 /* UserGuideViewController.m */,
				0641CFA31D22597E006CA897 /* AdvertiseView.h */,
				0641CFA41D22597E006CA897 /* AdvertiseView.m */,
				0641CFA01D22592B006CA897 /* AdvertiseDetailViewController.h */,
				0641CFA11D22592B006CA897 /* AdvertiseDetailViewController.m */,
			);
			path = Guide;
			sourceTree = "<group>";
		};
		06FB69EB1D1A1B7E0046FB24 /* Fourth */ = {
			isa = PBXGroup;
			children = (
				06FB69EC1D1A1B7F0046FB24 /* FourthViewController.h */,
				06FB69ED1D1A1B7F0046FB24 /* FourthViewController.m */,
			);
			path = Fourth;
			sourceTree = "<group>";
		};
		06FB69EF1D1A1EDE0046FB24 /* Header */ = {
			isa = PBXGroup;
			children = (
				06FB69F01D1A1EDE0046FB24 /* macro.h */,
				062BA01C1D3F451000CF6890 /* interface.h */,
				06FB69F11D1A1EDE0046FB24 /* PrefixHeader_demo1.pch */,
			);
			path = Header;
			sourceTree = "<group>";
		};
		06FB69F21D1A1EDE0046FB24 /* Tool */ = {
			isa = PBXGroup;
			children = (
				06811D751D3E453000FD6546 /* Label */,
				06FB69F31D1A1EDE0046FB24 /* XHNetwork.h */,
				06FB69F41D1A1EDE0046FB24 /* XHNetwork.m */,
				4B2B1FE81EF3824300848C8B /* GlobalObject.h */,
				4B2B1FE91EF3824300848C8B /* GlobalObject.m */,
				06811D791D3E473500FD6546 /* XHTheme.h */,
				06811D7A1D3E473500FD6546 /* XHTheme.m */,
				06C5E4541D585A1900A7D474 /* XHAVAudioManager.h */,
				06C5E4551D585A1900A7D474 /* XHAVAudioManager.m */,
				06C5E4571D58654500A7D474 /* XHAVVideoManager.h */,
				06C5E4581D58654500A7D474 /* XHAVVideoManager.m */,
			);
			path = Tool;
			sourceTree = "<group>";
		};
		4B2B1FE31EF381B700848C8B /* Util */ = {
			isa = PBXGroup;
			children = (
				4B2B1FE41EF381B700848C8B /* Privacy */,
			);
			path = Util;
			sourceTree = "<group>";
		};
		4B2B1FE41EF381B700848C8B /* Privacy */ = {
			isa = PBXGroup;
			children = (
				4B2B1FE51EF381B700848C8B /* LWPrivacyUtils.h */,
				4B2B1FE61EF381B700848C8B /* LWPrivacyUtils.m */,
			);
			path = Privacy;
			sourceTree = "<group>";
		};
		4B2B1FEB1EF3AF8100848C8B /* video */ = {
			isa = PBXGroup;
			children = (
				4B2B1FEC1EF3AF8100848C8B /* 雪窦寺.mp4 */,
			);
			path = video;
			sourceTree = "<group>";
		};
		8A79C104F881DEB831B337DD /* Frameworks */ = {
			isa = PBXGroup;
			children = (
				435D2FFCDF0DF932C7B393C1 /* libPods-demo1.a */,
				13338C8816559376FD4F22F8 /* libPods-demo1Tests.a */,
			);
			name = Frameworks;
			sourceTree = "<group>";
		};
		F46C0EDF8BEB457DB59CC95C /* Pods */ = {
			isa = PBXGroup;
			children = (
				E52913E3CD10C52A488D027D /* Pods-demo1.debug.xcconfig */,
				4662B5B1D7C4136706F8D0A3 /* Pods-demo1.release.xcconfig */,
				D72A2854DF1749D19FDD8A9D /* Pods-demo1Tests.debug.xcconfig */,
				5ABCB9C06986218F04BEB8FA /* Pods-demo1Tests.release.xcconfig */,
			);
			name = Pods;
			sourceTree = "<group>";
		};
/* End PBXGroup section */

/* Begin PBXNativeTarget section */
		06D359C91C9FDC1D003359B8 /* demo1 */ = {
			isa = PBXNativeTarget;
			buildConfigurationList = 06D359F71C9FDC1E003359B8 /* Build configuration list for PBXNativeTarget "demo1" */;
			buildPhases = (
				F03CE354FC6AEF4361A528D6 /* [CP] Check Pods Manifest.lock */,
				06D359C61C9FDC1D003359B8 /* Sources */,
				06D359C71C9FDC1D003359B8 /* Frameworks */,
				06D359C81C9FDC1D003359B8 /* Resources */,
				B2EE6899B2A3744E9BB61438 /* [CP] Embed Pods Frameworks */,
				5E09E96D85B11D88EF49F921 /* [CP] Copy Pods Resources */,
			);
			buildRules = (
			);
			dependencies = (
			);
			name = demo1;
			productName = demo1;
			productReference = 06D359CA1C9FDC1D003359B8 /* demo1.app */;
			productType = "com.apple.product-type.application";
		};
		06D359E21C9FDC1E003359B8 /* demo1Tests */ = {
			isa = PBXNativeTarget;
			buildConfigurationList = 06D359FA1C9FDC1E003359B8 /* Build configuration list for PBXNativeTarget "demo1Tests" */;
			buildPhases = (
				C523BA89793396BD9B2DFEA9 /* [CP] Check Pods Manifest.lock */,
				06D359DF1C9FDC1E003359B8 /* Sources */,
				06D359E01C9FDC1E003359B8 /* Frameworks */,
				06D359E11C9FDC1E003359B8 /* Resources */,
				E8457586A584A722E9B08DFE /* [CP] Embed Pods Frameworks */,
				FB08CE99A3E2CA751DE93600 /* [CP] Copy Pods Resources */,
			);
			buildRules = (
			);
			dependencies = (
				06D359E51C9FDC1E003359B8 /* PBXTargetDependency */,
			);
			name = demo1Tests;
			productName = demo1Tests;
			productReference = 06D359E31C9FDC1E003359B8 /* demo1Tests.xctest */;
			productType = "com.apple.product-type.bundle.unit-test";
		};
		06D359ED1C9FDC1E003359B8 /* demo1UITests */ = {
			isa = PBXNativeTarget;
			buildConfigurationList = 06D359FD1C9FDC1E003359B8 /* Build configuration list for PBXNativeTarget "demo1UITests" */;
			buildPhases = (
				06D359EA1C9FDC1E003359B8 /* Sources */,
				06D359EB1C9FDC1E003359B8 /* Frameworks */,
				06D359EC1C9FDC1E003359B8 /* Resources */,
			);
			buildRules = (
			);
			dependencies = (
				06D359F01C9FDC1E003359B8 /* PBXTargetDependency */,
			);
			name = demo1UITests;
			productName = demo1UITests;
			productReference = 06D359EE1C9FDC1E003359B8 /* demo1UITests.xctest */;
			productType = "com.apple.product-type.bundle.ui-testing";
		};
/* End PBXNativeTarget section */

/* Begin PBXProject section */
		06D359C21C9FDC1D003359B8 /* Project object */ = {
			isa = PBXProject;
			attributes = {
				LastUpgradeCheck = 0820;
				ORGANIZATIONNAME = xinguang;
				TargetAttributes = {
					06D359C91C9FDC1D003359B8 = {
						CreatedOnToolsVersion = 7.2.1;
						DevelopmentTeam = HR82A7Q6AP;
						ProvisioningStyle = Automatic;
					};
					06D359E21C9FDC1E003359B8 = {
						CreatedOnToolsVersion = 7.2.1;
						TestTargetID = 06D359C91C9FDC1D003359B8;
					};
					06D359ED1C9FDC1E003359B8 = {
						CreatedOnToolsVersion = 7.2.1;
						TestTargetID = 06D359C91C9FDC1D003359B8;
					};
				};
			};
			buildConfigurationList = 06D359C51C9FDC1D003359B8 /* Build configuration list for PBXProject "demo1" */;
			compatibilityVersion = "Xcode 3.2";
			developmentRegion = English;
			hasScannedForEncodings = 0;
			knownRegions = (
				en,
				Base,
			);
			mainGroup = 06D359C11C9FDC1D003359B8;
			productRefGroup = 06D359CB1C9FDC1D003359B8 /* Products */;
			projectDirPath = "";
			projectRoot = "";
			targets = (
				06D359C91C9FDC1D003359B8 /* demo1 */,
				06D359E21C9FDC1E003359B8 /* demo1Tests */,
				06D359ED1C9FDC1E003359B8 /* demo1UITests */,
			);
		};
/* End PBXProject section */

/* Begin PBXResourcesBuildPhase section */
		06D359C81C9FDC1D003359B8 /* Resources */ = {
			isa = PBXResourcesBuildPhase;
			buildActionMask = 2147483647;
			files = (
				06F54D7C1D13F15700119CE8 /* home_normal@2x.png in Resources */,
				0678EFDC1D1269CF000A3B7B /* h3.jpg in Resources */,
				06F54D791D13F15700119CE8 /* account_highlight@2x.png in Resources */,
				0638BD681D17C79400AB259E /* home_bar_scan@2x.png in Resources */,
				06F54D811D13F15700119CE8 /* post_normal@2x.png in Resources */,
				0638BD6F1D17D12A00AB259E /* 立即体验@3x.png in Resources */,
				06C50AA41D239DBE000BCFA3 /* header-arrow@3x.png in Resources */,
				06FB69F91D1A436A0046FB24 /* LaunchImage@3x.png in Resources */,
				0638BD761D17D74700AB259E /* tapbar_top_line@2x.png in Resources */,
				0678EFDD1D1269CF000A3B7B /* h4.jpg in Resources */,
				0695BA241CC0D2D5005F7D1E /* LaunchScreen.storyboard in Resources */,
				06FB69F81D1A436A0046FB24 /* LaunchImage@2x.png in Resources */,
				06F54D7A1D13F15700119CE8 /* account_normal@2x.png in Resources */,
				0638BD6A1D17C79400AB259E /* icon_search@2x.png in Resources */,
				06D359DA1C9FDC1E003359B8 /* Assets.xcassets in Resources */,
				06F54D7F1D13F15700119CE8 /* mycity_highlight@2x.png in Resources */,
				06C50AA31D239DBE000BCFA3 /* header-arrow@2x.png in Resources */,
				0638BD6B1D17C79400AB259E /* icon_search@3x.png in Resources */,
				06F54D7B1D13F15700119CE8 /* home_highlight@2x.png in Resources */,
				06F54D801D13F15700119CE8 /* mycity_normal@2x.png in Resources */,
				0678EFDE1D1269CF000A3B7B /* LaunchImage.png in Resources */,
				0678EFDB1D1269CF000A3B7B /* h2.jpg in Resources */,
				0678EFDA1D1269CF000A3B7B /* h1.jpg in Resources */,
				4B2B1FED1EF3AF8100848C8B /* 雪窦寺.mp4 in Resources */,
				06D359D81C9FDC1D003359B8 /* Main.storyboard in Resources */,
				06F54D7D1D13F15700119CE8 /* message_highlight@2x.png in Resources */,
				06F54D7E1D13F15700119CE8 /* message_normal@2x.png in Resources */,
				0638BD691D17C79400AB259E /* home_bar_scan@3x.png in Resources */,
				0638BD6E1D17D12A00AB259E /* 立即体验@2x.png in Resources */,
			);
			runOnlyForDeploymentPostprocessing = 0;
		};
		06D359E11C9FDC1E003359B8 /* Resources */ = {
			isa = PBXResourcesBuildPhase;
			buildActionMask = 2147483647;
			files = (
			);
			runOnlyForDeploymentPostprocessing = 0;
		};
		06D359EC1C9FDC1E003359B8 /* Resources */ = {
			isa = PBXResourcesBuildPhase;
			buildActionMask = 2147483647;
			files = (
			);
			runOnlyForDeploymentPostprocessing = 0;
		};
/* End PBXResourcesBuildPhase section */

/* Begin PBXShellScriptBuildPhase section */
		5E09E96D85B11D88EF49F921 /* [CP] Copy Pods Resources */ = {
			isa = PBXShellScriptBuildPhase;
			buildActionMask = 2147483647;
			files = (
			);
			inputPaths = (
			);
			name = "[CP] Copy Pods Resources";
			outputPaths = (
			);
			runOnlyForDeploymentPostprocessing = 0;
			shellPath = /bin/sh;
			shellScript = "\"${SRCROOT}/Pods/Target Support Files/Pods-demo1/Pods-demo1-resources.sh\"\n";
			showEnvVarsInLog = 0;
		};
		B2EE6899B2A3744E9BB61438 /* [CP] Embed Pods Frameworks */ = {
			isa = PBXShellScriptBuildPhase;
			buildActionMask = 2147483647;
			files = (
			);
			inputPaths = (
			);
			name = "[CP] Embed Pods Frameworks";
			outputPaths = (
			);
			runOnlyForDeploymentPostprocessing = 0;
			shellPath = /bin/sh;
			shellScript = "\"${SRCROOT}/Pods/Target Support Files/Pods-demo1/Pods-demo1-frameworks.sh\"\n";
			showEnvVarsInLog = 0;
		};
		C523BA89793396BD9B2DFEA9 /* [CP] Check Pods Manifest.lock */ = {
			isa = PBXShellScriptBuildPhase;
			buildActionMask = 2147483647;
			files = (
			);
			inputPaths = (
			);
			name = "[CP] Check Pods Manifest.lock";
			outputPaths = (
			);
			runOnlyForDeploymentPostprocessing = 0;
			shellPath = /bin/sh;
			shellScript = "diff \"${PODS_PODFILE_DIR_PATH}/Podfile.lock\" \"${PODS_ROOT}/Manifest.lock\" > /dev/null\nif [ $? != 0 ] ; then\n    # print error to STDERR\n    echo \"error: The sandbox is not in sync with the Podfile.lock. Run 'pod install' or update your CocoaPods installation.\" >&2\n    exit 1\nfi\n";
			showEnvVarsInLog = 0;
		};
		E8457586A584A722E9B08DFE /* [CP] Embed Pods Frameworks */ = {
			isa = PBXShellScriptBuildPhase;
			buildActionMask = 2147483647;
			files = (
			);
			inputPaths = (
			);
			name = "[CP] Embed Pods Frameworks";
			outputPaths = (
			);
			runOnlyForDeploymentPostprocessing = 0;
			shellPath = /bin/sh;
			shellScript = "\"${SRCROOT}/Pods/Target Support Files/Pods-demo1Tests/Pods-demo1Tests-frameworks.sh\"\n";
			showEnvVarsInLog = 0;
		};
		F03CE354FC6AEF4361A528D6 /* [CP] Check Pods Manifest.lock */ = {
			isa = PBXShellScriptBuildPhase;
			buildActionMask = 2147483647;
			files = (
			);
			inputPaths = (
			);
			name = "[CP] Check Pods Manifest.lock";
			outputPaths = (
			);
			runOnlyForDeploymentPostprocessing = 0;
			shellPath = /bin/sh;
			shellScript = "diff \"${PODS_PODFILE_DIR_PATH}/Podfile.lock\" \"${PODS_ROOT}/Manifest.lock\" > /dev/null\nif [ $? != 0 ] ; then\n    # print error to STDERR\n    echo \"error: The sandbox is not in sync with the Podfile.lock. Run 'pod install' or update your CocoaPods installation.\" >&2\n    exit 1\nfi\n";
			showEnvVarsInLog = 0;
		};
		FB08CE99A3E2CA751DE93600 /* [CP] Copy Pods Resources */ = {
			isa = PBXShellScriptBuildPhase;
			buildActionMask = 2147483647;
			files = (
			);
			inputPaths = (
			);
			name = "[CP] Copy Pods Resources";
			outputPaths = (
			);
			runOnlyForDeploymentPostprocessing = 0;
			shellPath = /bin/sh;
			shellScript = "\"${SRCROOT}/Pods/Target Support Files/Pods-demo1Tests/Pods-demo1Tests-resources.sh\"\n";
			showEnvVarsInLog = 0;
		};
/* End PBXShellScriptBuildPhase section */

/* Begin PBXSourcesBuildPhase section */
		06D359C61C9FDC1D003359B8 /* Sources */ = {
			isa = PBXSourcesBuildPhase;
			buildActionMask = 2147483647;
			files = (
				06FB69F51D1A1EDE0046FB24 /* XHNetwork.m in Sources */,
				06F54D4F1D13951000119CE8 /* AppDelegate.m in Sources */,
				06F54D6E1D13AC2D00119CE8 /* TabBarController.m in Sources */,
				0627F3C01D2B930900A5CBCA /* MyCell.m in Sources */,
				061B36CC1D50705700F917D2 /* MyMusicViewController.m in Sources */,
				4B2B1FEA1EF3824300848C8B /* GlobalObject.m in Sources */,
				06F54D5C1D139DAF00119CE8 /* ThirdViewController.m in Sources */,
				06C5E4561D585A1900A7D474 /* XHAVAudioManager.m in Sources */,
				06F54D6B1D13A01E00119CE8 /* TabBarItem.m in Sources */,
				0641CFA21D22592B006CA897 /* AdvertiseDetailViewController.m in Sources */,
				06811D7B1D3E473500FD6546 /* XHTheme.m in Sources */,
				06F54D8F1D13F1A800119CE8 /* ViewControllerDetailNext.m in Sources */,
				4B2B1FE71EF381B700848C8B /* LWPrivacyUtils.m in Sources */,
				06C5E4591D58654500A7D474 /* XHAVVideoManager.m in Sources */,
				06F54D561D139D9700119CE8 /* HomeViewController.m in Sources */,
				06F54D591D139DA600119CE8 /* SecondViewController.m in Sources */,
				06F54D911D13F1A800119CE8 /* XHObserver.m in Sources */,
				0641CFA51D22597E006CA897 /* AdvertiseView.m in Sources */,
				06F54D5F1D139DC700119CE8 /* MineViewController.m in Sources */,
				06D359CF1C9FDC1D003359B8 /* main.m in Sources */,
				06FB69EE1D1A1B7F0046FB24 /* FourthViewController.m in Sources */,
				06F54D651D139F7C00119CE8 /* UserGuideViewController.m in Sources */,
				06F54D531D139D5B00119CE8 /* BaseViewController.m in Sources */,
				06F54DA61D13F47800119CE8 /* ScanViewController.m in Sources */,
				06B533A31D535D6C00855EE6 /* MyMovieViewController.m in Sources */,
				06811D781D3E453000FD6546 /* MyLabel.m in Sources */,
				06F54DA51D13F47800119CE8 /* IdentifyViewController.m in Sources */,
				06C9D2191D260D41001251AD /* MyViewController.m in Sources */,
				06F54D901D13F1A800119CE8 /* Weather.m in Sources */,
				06F54D681D139FEC00119CE8 /* TabBar.m in Sources */,
				06F54DA41D13F47800119CE8 /* GenerateViewController.m in Sources */,
				06F54D8E1D13F1A800119CE8 /* ViewControllerDetail.m in Sources */,
			);
			runOnlyForDeploymentPostprocessing = 0;
		};
		06D359DF1C9FDC1E003359B8 /* Sources */ = {
			isa = PBXSourcesBuildPhase;
			buildActionMask = 2147483647;
			files = (
				06D359E81C9FDC1E003359B8 /* demo1Tests.m in Sources */,
			);
			runOnlyForDeploymentPostprocessing = 0;
		};
		06D359EA1C9FDC1E003359B8 /* Sources */ = {
			isa = PBXSourcesBuildPhase;
			buildActionMask = 2147483647;
			files = (
				06D359F31C9FDC1E003359B8 /* demo1UITests.m in Sources */,
			);
			runOnlyForDeploymentPostprocessing = 0;
		};
/* End PBXSourcesBuildPhase section */

/* Begin PBXTargetDependency section */
		06D359E51C9FDC1E003359B8 /* PBXTargetDependency */ = {
			isa = PBXTargetDependency;
			target = 06D359C91C9FDC1D003359B8 /* demo1 */;
			targetProxy = 06D359E41C9FDC1E003359B8 /* PBXContainerItemProxy */;
		};
		06D359F01C9FDC1E003359B8 /* PBXTargetDependency */ = {
			isa = PBXTargetDependency;
			target = 06D359C91C9FDC1D003359B8 /* demo1 */;
			targetProxy = 06D359EF1C9FDC1E003359B8 /* PBXContainerItemProxy */;
		};
/* End PBXTargetDependency section */

/* Begin PBXVariantGroup section */
		0695BA221CC0D2D5005F7D1E /* LaunchScreen.storyboard */ = {
			isa = PBXVariantGroup;
			children = (
				0695BA231CC0D2D5005F7D1E /* Base */,
			);
			name = LaunchScreen.storyboard;
			sourceTree = "<group>";
		};
		06D359D61C9FDC1D003359B8 /* Main.storyboard */ = {
			isa = PBXVariantGroup;
			children = (
				06D359D71C9FDC1D003359B8 /* Base */,
			);
			name = Main.storyboard;
			sourceTree = "<group>";
		};
/* End PBXVariantGroup section */

/* Begin XCBuildConfiguration section */
		06D359F51C9FDC1E003359B8 /* Debug */ = {
			isa = XCBuildConfiguration;
			buildSettings = {
				ALWAYS_SEARCH_USER_PATHS = NO;
				CLANG_CXX_LANGUAGE_STANDARD = "gnu++0x";
				CLANG_CXX_LIBRARY = "libc++";
				CLANG_ENABLE_MODULES = YES;
				CLANG_ENABLE_OBJC_ARC = YES;
				CLANG_WARN_BOOL_CONVERSION = YES;
				CLANG_WARN_CONSTANT_CONVERSION = YES;
				CLANG_WARN_DIRECT_OBJC_ISA_USAGE = YES_ERROR;
				CLANG_WARN_EMPTY_BODY = YES;
				CLANG_WARN_ENUM_CONVERSION = YES;
				CLANG_WARN_INFINITE_RECURSION = YES;
				CLANG_WARN_INT_CONVERSION = YES;
				CLANG_WARN_OBJC_ROOT_CLASS = YES_ERROR;
				CLANG_WARN_SUSPICIOUS_MOVE = YES;
				CLANG_WARN_UNREACHABLE_CODE = YES;
				CLANG_WARN__DUPLICATE_METHOD_MATCH = YES;
				CODE_SIGN_IDENTITY = "iPhone Developer";
				"CODE_SIGN_IDENTITY[sdk=iphoneos*]" = "iPhone Developer";
				COPY_PHASE_STRIP = NO;
				DEBUG_INFORMATION_FORMAT = dwarf;
				ENABLE_STRICT_OBJC_MSGSEND = YES;
				ENABLE_TESTABILITY = YES;
				GCC_C_LANGUAGE_STANDARD = gnu99;
				GCC_DYNAMIC_NO_PIC = NO;
				GCC_NO_COMMON_BLOCKS = YES;
				GCC_OPTIMIZATION_LEVEL = 0;
				GCC_PREPROCESSOR_DEFINITIONS = (
					"DEBUG=1",
					"$(inherited)",
				);
				GCC_WARN_64_TO_32_BIT_CONVERSION = YES;
				GCC_WARN_ABOUT_RETURN_TYPE = YES_ERROR;
				GCC_WARN_UNDECLARED_SELECTOR = YES;
				GCC_WARN_UNINITIALIZED_AUTOS = YES_AGGRESSIVE;
				GCC_WARN_UNUSED_FUNCTION = YES;
				GCC_WARN_UNUSED_VARIABLE = YES;
				IPHONEOS_DEPLOYMENT_TARGET = 8.0;
				MTL_ENABLE_DEBUG_INFO = YES;
				ONLY_ACTIVE_ARCH = YES;
				SDKROOT = iphoneos;
			};
			name = Debug;
		};
		06D359F61C9FDC1E003359B8 /* Release */ = {
			isa = XCBuildConfiguration;
			buildSettings = {
				ALWAYS_SEARCH_USER_PATHS = NO;
				CLANG_CXX_LANGUAGE_STANDARD = "gnu++0x";
				CLANG_CXX_LIBRARY = "libc++";
				CLANG_ENABLE_MODULES = YES;
				CLANG_ENABLE_OBJC_ARC = YES;
				CLANG_WARN_BOOL_CONVERSION = YES;
				CLANG_WARN_CONSTANT_CONVERSION = YES;
				CLANG_WARN_DIRECT_OBJC_ISA_USAGE = YES_ERROR;
				CLANG_WARN_EMPTY_BODY = YES;
				CLANG_WARN_ENUM_CONVERSION = YES;
				CLANG_WARN_INFINITE_RECURSION = YES;
				CLANG_WARN_INT_CONVERSION = YES;
				CLANG_WARN_OBJC_ROOT_CLASS = YES_ERROR;
				CLANG_WARN_SUSPICIOUS_MOVE = YES;
				CLANG_WARN_UNREACHABLE_CODE = YES;
				CLANG_WARN__DUPLICATE_METHOD_MATCH = YES;
				CODE_SIGN_IDENTITY = "iPhone Developer";
				"CODE_SIGN_IDENTITY[sdk=iphoneos*]" = "iPhone Developer";
				COPY_PHASE_STRIP = NO;
				DEBUG_INFORMATION_FORMAT = "dwarf-with-dsym";
				ENABLE_NS_ASSERTIONS = NO;
				ENABLE_STRICT_OBJC_MSGSEND = YES;
				GCC_C_LANGUAGE_STANDARD = gnu99;
				GCC_NO_COMMON_BLOCKS = YES;
				GCC_WARN_64_TO_32_BIT_CONVERSION = YES;
				GCC_WARN_ABOUT_RETURN_TYPE = YES_ERROR;
				GCC_WARN_UNDECLARED_SELECTOR = YES;
				GCC_WARN_UNINITIALIZED_AUTOS = YES_AGGRESSIVE;
				GCC_WARN_UNUSED_FUNCTION = YES;
				GCC_WARN_UNUSED_VARIABLE = YES;
				IPHONEOS_DEPLOYMENT_TARGET = 8.0;
				MTL_ENABLE_DEBUG_INFO = NO;
				SDKROOT = iphoneos;
				VALIDATE_PRODUCT = YES;
			};
			name = Release;
		};
		06D359F81C9FDC1E003359B8 /* Debug */ = {
			isa = XCBuildConfiguration;
			baseConfigurationReference = E52913E3CD10C52A488D027D /* Pods-demo1.debug.xcconfig */;
			buildSettings = {
				ASSETCATALOG_COMPILER_APPICON_NAME = AppIcon;
				CODE_SIGN_IDENTITY = "iPhone Developer";
				"CODE_SIGN_IDENTITY[sdk=iphoneos*]" = "iPhone Developer";
				DEVELOPMENT_TEAM = HR82A7Q6AP;
				GCC_INCREASE_PRECOMPILED_HEADER_SHARING = NO;
				GCC_PRECOMPILE_PREFIX_HEADER = NO;
				GCC_PREFIX_HEADER = "$(SRCROOT)/demo1/Header/PrefixHeader_demo1.pch";
				INFOPLIST_FILE = demo1/Info.plist;
				IPHONEOS_DEPLOYMENT_TARGET = 8.0;
				LD_RUNPATH_SEARCH_PATHS = "$(inherited) @executable_path/Frameworks";
				PRODUCT_BUNDLE_IDENTIFIER = com.xiaohui.demo1;
				PRODUCT_NAME = "$(TARGET_NAME)";
				PROVISIONING_PROFILE = "";
				PROVISIONING_PROFILE_SPECIFIER = "";
			};
			name = Debug;
		};
		06D359F91C9FDC1E003359B8 /* Release */ = {
			isa = XCBuildConfiguration;
			baseConfigurationReference = 4662B5B1D7C4136706F8D0A3 /* Pods-demo1.release.xcconfig */;
			buildSettings = {
				ASSETCATALOG_COMPILER_APPICON_NAME = AppIcon;
				CODE_SIGN_IDENTITY = "iPhone Developer";
				"CODE_SIGN_IDENTITY[sdk=iphoneos*]" = "iPhone Developer";
				DEVELOPMENT_TEAM = HR82A7Q6AP;
				GCC_INCREASE_PRECOMPILED_HEADER_SHARING = NO;
				GCC_PRECOMPILE_PREFIX_HEADER = NO;
				GCC_PREFIX_HEADER = "$(SRCROOT)/demo1/Header/PrefixHeader_demo1.pch";
				INFOPLIST_FILE = demo1/Info.plist;
				IPHONEOS_DEPLOYMENT_TARGET = 8.0;
				LD_RUNPATH_SEARCH_PATHS = "$(inherited) @executable_path/Frameworks";
				PRODUCT_BUNDLE_IDENTIFIER = com.xiaohui.demo1;
				PRODUCT_NAME = "$(TARGET_NAME)";
				PROVISIONING_PROFILE = "";
			};
			name = Release;
		};
		06D359FB1C9FDC1E003359B8 /* Debug */ = {
			isa = XCBuildConfiguration;
			baseConfigurationReference = D72A2854DF1749D19FDD8A9D /* Pods-demo1Tests.debug.xcconfig */;
			buildSettings = {
				BUNDLE_LOADER = "$(TEST_HOST)";
				INFOPLIST_FILE = demo1Tests/Info.plist;
				LD_RUNPATH_SEARCH_PATHS = "$(inherited) @executable_path/Frameworks @loader_path/Frameworks";
				PRODUCT_BUNDLE_IDENTIFIER = com.xinguang.demo1Tests;
				PRODUCT_NAME = "$(TARGET_NAME)";
				TEST_HOST = "$(BUILT_PRODUCTS_DIR)/demo1.app/demo1";
			};
			name = Debug;
		};
		06D359FC1C9FDC1E003359B8 /* Release */ = {
			isa = XCBuildConfiguration;
			baseConfigurationReference = 5ABCB9C06986218F04BEB8FA /* Pods-demo1Tests.release.xcconfig */;
			buildSettings = {
				BUNDLE_LOADER = "$(TEST_HOST)";
				INFOPLIST_FILE = demo1Tests/Info.plist;
				LD_RUNPATH_SEARCH_PATHS = "$(inherited) @executable_path/Frameworks @loader_path/Frameworks";
				PRODUCT_BUNDLE_IDENTIFIER = com.xinguang.demo1Tests;
				PRODUCT_NAME = "$(TARGET_NAME)";
				TEST_HOST = "$(BUILT_PRODUCTS_DIR)/demo1.app/demo1";
			};
			name = Release;
		};
		06D359FE1C9FDC1E003359B8 /* Debug */ = {
			isa = XCBuildConfiguration;
			buildSettings = {
				INFOPLIST_FILE = demo1UITests/Info.plist;
				LD_RUNPATH_SEARCH_PATHS = "$(inherited) @executable_path/Frameworks @loader_path/Frameworks";
				PRODUCT_BUNDLE_IDENTIFIER = com.xinguang.demo1UITests;
				PRODUCT_NAME = "$(TARGET_NAME)";
				TEST_TARGET_NAME = demo1;
				USES_XCTRUNNER = YES;
			};
			name = Debug;
		};
		06D359FF1C9FDC1E003359B8 /* Release */ = {
			isa = XCBuildConfiguration;
			buildSettings = {
				INFOPLIST_FILE = demo1UITests/Info.plist;
				LD_RUNPATH_SEARCH_PATHS = "$(inherited) @executable_path/Frameworks @loader_path/Frameworks";
				PRODUCT_BUNDLE_IDENTIFIER = com.xinguang.demo1UITests;
				PRODUCT_NAME = "$(TARGET_NAME)";
				TEST_TARGET_NAME = demo1;
				USES_XCTRUNNER = YES;
			};
			name = Release;
		};
/* End XCBuildConfiguration section */

/* Begin XCConfigurationList section */
		06D359C51C9FDC1D003359B8 /* Build configuration list for PBXProject "demo1" */ = {
			isa = XCConfigurationList;
			buildConfigurations = (
				06D359F51C9FDC1E003359B8 /* Debug */,
				06D359F61C9FDC1E003359B8 /* Release */,
			);
			defaultConfigurationIsVisible = 0;
			defaultConfigurationName = Release;
		};
		06D359F71C9FDC1E003359B8 /* Build configuration list for PBXNativeTarget "demo1" */ = {
			isa = XCConfigurationList;
			buildConfigurations = (
				06D359F81C9FDC1E003359B8 /* Debug */,
				06D359F91C9FDC1E003359B8 /* Release */,
			);
			defaultConfigurationIsVisible = 0;
			defaultConfigurationName = Release;
		};
		06D359FA1C9FDC1E003359B8 /* Build configuration list for PBXNativeTarget "demo1Tests" */ = {
			isa = XCConfigurationList;
			buildConfigurations = (
				06D359FB1C9FDC1E003359B8 /* Debug */,
				06D359FC1C9FDC1E003359B8 /* Release */,
			);
			defaultConfigurationIsVisible = 0;
			defaultConfigurationName = Release;
		};
		06D359FD1C9FDC1E003359B8 /* Build configuration list for PBXNativeTarget "demo1UITests" */ = {
			isa = XCConfigurationList;
			buildConfigurations = (
				06D359FE1C9FDC1E003359B8 /* Debug */,
				06D359FF1C9FDC1E003359B8 /* Release */,
			);
			defaultConfigurationIsVisible = 0;
			defaultConfigurationName = Release;
		};
/* End XCConfigurationList section */
	};
	rootObject = 06D359C21C9FDC1D003359B8 /* Project object */;
}
